// !$*UTF8*$!
{
	archiveVersion = 1;
	classes = {
	};
	objectVersion = 46;
	objects = {

/* Begin PBXBuildFile section */
		1D3623260D0F684500981E51 /* Jagtaku_iPhoneAppAppDelegate.m in Sources */ = {isa = PBXBuildFile; fileRef = 1D3623250D0F684500981E51 /* Jagtaku_iPhoneAppAppDelegate.m */; };
		1D60589B0D05DD56006BFB54 /* main.m in Sources */ = {isa = PBXBuildFile; fileRef = 29B97316FDCFA39411CA2CEA /* main.m */; };
		1D60589F0D05DD5A006BFB54 /* Foundation.framework in Frameworks */ = {isa = PBXBuildFile; fileRef = 1D30AB110D05D00D00671497 /* Foundation.framework */; };
		1DF5F4E00D08C38300B7A737 /* UIKit.framework in Frameworks */ = {isa = PBXBuildFile; fileRef = 1DF5F4DF0D08C38300B7A737 /* UIKit.framework */; };
		280E754D0DD40C5E005A515E /* FlipsideView.xib in Resources */ = {isa = PBXBuildFile; fileRef = 280E754A0DD40C5E005A515E /* FlipsideView.xib */; };
		280E754E0DD40C5E005A515E /* MainView.xib in Resources */ = {isa = PBXBuildFile; fileRef = 280E754B0DD40C5E005A515E /* MainView.xib */; };
		280E754F0DD40C5E005A515E /* MainWindow.xib in Resources */ = {isa = PBXBuildFile; fileRef = 280E754C0DD40C5E005A515E /* MainWindow.xib */; };
		288765590DF743DE002DB57D /* CoreGraphics.framework in Frameworks */ = {isa = PBXBuildFile; fileRef = 288765580DF743DE002DB57D /* CoreGraphics.framework */; };
		289233AE0DB2D0DB0083E9F9 /* MainViewController.m in Sources */ = {isa = PBXBuildFile; fileRef = 289233A90DB2D0DB0083E9F9 /* MainViewController.m */; };
		289233B00DB2D0DB0083E9F9 /* FlipsideViewController.m in Sources */ = {isa = PBXBuildFile; fileRef = 289233AD0DB2D0DB0083E9F9 /* FlipsideViewController.m */; };
		EB57C78612EDC270007BFEF6 /* EnteringValue.m in Sources */ = {isa = PBXBuildFile; fileRef = EB57C78512EDC270007BFEF6 /* EnteringValue.m */; };
		EB57C79112EDC5C6007BFEF6 /* EnteringValue.m in Sources */ = {isa = PBXBuildFile; fileRef = EB57C78512EDC270007BFEF6 /* EnteringValue.m */; };
		EB678B0712E8090800B50CDB /* Calcurator.m in Sources */ = {isa = PBXBuildFile; fileRef = EB678B0612E8090800B50CDB /* Calcurator.m */; };
		EB678B4412E85ABD00B50CDB /* CalcuratorTest.m in Sources */ = {isa = PBXBuildFile; fileRef = EB678B4212E85AA900B50CDB /* CalcuratorTest.m */; };
		EB678B4512E85AC200B50CDB /* Calcurator.m in Sources */ = {isa = PBXBuildFile; fileRef = EB678B0612E8090800B50CDB /* Calcurator.m */; };
		EBFF926512E94EFC000FDEF8 /* CalcEngine.m in Sources */ = {isa = PBXBuildFile; fileRef = EBFF926412E94EFC000FDEF8 /* CalcEngine.m */; };
		EBFF926812E94F8C000FDEF8 /* CalcEngine.m in Sources */ = {isa = PBXBuildFile; fileRef = EBFF926412E94EFC000FDEF8 /* CalcEngine.m */; };
		EBFF92F412E9AEE5000FDEF8 /* CalcTyper.m in Sources */ = {isa = PBXBuildFile; fileRef = EBFF92F312E9AEE5000FDEF8 /* CalcTyper.m */; };
		EBFF92F912E9AF2D000FDEF8 /* CalcTyperTest.m in Sources */ = {isa = PBXBuildFile; fileRef = EBFF92F812E9AF2D000FDEF8 /* CalcTyperTest.m */; };
		EBFF934C12EBB71A000FDEF8 /* MockCalculator.m in Sources */ = {isa = PBXBuildFile; fileRef = EBFF934B12EBB71A000FDEF8 /* MockCalculator.m */; };
/* End PBXBuildFile section */

/* Begin PBXContainerItemProxy section */
		EB678B4C12E85BA100B50CDB /* PBXContainerItemProxy */ = {
			isa = PBXContainerItemProxy;
			containerPortal = 29B97313FDCFA39411CA2CEA /* Project object */;
			proxyType = 1;
			remoteGlobalIDString = EB678B3812E85A2F00B50CDB;
			remoteInfo = LogicTests;
		};
/* End PBXContainerItemProxy section */

/* Begin PBXFileReference section */
		1D30AB110D05D00D00671497 /* Foundation.framework */ = {isa = PBXFileReference; lastKnownFileType = wrapper.framework; name = Foundation.framework; path = System/Library/Frameworks/Foundation.framework; sourceTree = SDKROOT; };
		1D3623240D0F684500981E51 /* Jagtaku_iPhoneAppAppDelegate.h */ = {isa = PBXFileReference; fileEncoding = 4; lastKnownFileType = sourcecode.c.h; path = Jagtaku_iPhoneAppAppDelegate.h; sourceTree = "<group>"; };
		1D3623250D0F684500981E51 /* Jagtaku_iPhoneAppAppDelegate.m */ = {isa = PBXFileReference; fileEncoding = 4; lastKnownFileType = sourcecode.c.objc; path = Jagtaku_iPhoneAppAppDelegate.m; sourceTree = "<group>"; };
		1D6058910D05DD3D006BFB54 /* Jagtaku-iPhoneApp.app */ = {isa = PBXFileReference; explicitFileType = wrapper.application; includeInIndex = 0; path = "Jagtaku-iPhoneApp.app"; sourceTree = BUILT_PRODUCTS_DIR; };
		1DF5F4DF0D08C38300B7A737 /* UIKit.framework */ = {isa = PBXFileReference; lastKnownFileType = wrapper.framework; name = UIKit.framework; path = System/Library/Frameworks/UIKit.framework; sourceTree = SDKROOT; };
		280E754A0DD40C5E005A515E /* FlipsideView.xib */ = {isa = PBXFileReference; lastKnownFileType = file.xib; path = FlipsideView.xib; sourceTree = "<group>"; };
		280E754B0DD40C5E005A515E /* MainView.xib */ = {isa = PBXFileReference; lastKnownFileType = file.xib; path = MainView.xib; sourceTree = "<group>"; };
		280E754C0DD40C5E005A515E /* MainWindow.xib */ = {isa = PBXFileReference; lastKnownFileType = file.xib; path = MainWindow.xib; sourceTree = "<group>"; };
		288765580DF743DE002DB57D /* CoreGraphics.framework */ = {isa = PBXFileReference; lastKnownFileType = wrapper.framework; name = CoreGraphics.framework; path = System/Library/Frameworks/CoreGraphics.framework; sourceTree = SDKROOT; };
		289233A80DB2D0DB0083E9F9 /* MainViewController.h */ = {isa = PBXFileReference; fileEncoding = 4; lastKnownFileType = sourcecode.c.h; name = MainViewController.h; path = Classes/MainViewController.h; sourceTree = "<group>"; };
		289233A90DB2D0DB0083E9F9 /* MainViewController.m */ = {isa = PBXFileReference; fileEncoding = 4; lastKnownFileType = sourcecode.c.objc; name = MainViewController.m; path = Classes/MainViewController.m; sourceTree = "<group>"; };
		289233AC0DB2D0DB0083E9F9 /* FlipsideViewController.h */ = {isa = PBXFileReference; fileEncoding = 4; lastKnownFileType = sourcecode.c.h; name = FlipsideViewController.h; path = Classes/FlipsideViewController.h; sourceTree = "<group>"; };
		289233AD0DB2D0DB0083E9F9 /* FlipsideViewController.m */ = {isa = PBXFileReference; fileEncoding = 4; lastKnownFileType = sourcecode.c.objc; name = FlipsideViewController.m; path = Classes/FlipsideViewController.m; sourceTree = "<group>"; };
		29B97316FDCFA39411CA2CEA /* main.m */ = {isa = PBXFileReference; fileEncoding = 4; lastKnownFileType = sourcecode.c.objc; path = main.m; sourceTree = "<group>"; };
		32CA4F630368D1EE00C91783 /* Jagtaku_iPhoneApp_Prefix.pch */ = {isa = PBXFileReference; fileEncoding = 4; lastKnownFileType = sourcecode.c.h; path = Jagtaku_iPhoneApp_Prefix.pch; sourceTree = "<group>"; };
		8D1107310486CEB800E47090 /* Jagtaku_iPhoneApp-Info.plist */ = {isa = PBXFileReference; fileEncoding = 4; lastKnownFileType = text.plist.xml; path = "Jagtaku_iPhoneApp-Info.plist"; plistStructureDefinitionIdentifier = "com.apple.xcode.plist.structure-definition.iphone.info-plist"; sourceTree = "<group>"; };
		EB57C78412EDC270007BFEF6 /* EnteringValue.h */ = {isa = PBXFileReference; fileEncoding = 4; lastKnownFileType = sourcecode.c.h; path = EnteringValue.h; sourceTree = "<group>"; };
		EB57C78512EDC270007BFEF6 /* EnteringValue.m */ = {isa = PBXFileReference; fileEncoding = 4; lastKnownFileType = sourcecode.c.objc; path = EnteringValue.m; sourceTree = "<group>"; };
		EB678B0512E8090800B50CDB /* Calcurator.h */ = {isa = PBXFileReference; fileEncoding = 4; lastKnownFileType = sourcecode.c.h; path = Calcurator.h; sourceTree = "<group>"; };
		EB678B0612E8090800B50CDB /* Calcurator.m */ = {isa = PBXFileReference; fileEncoding = 4; lastKnownFileType = sourcecode.c.objc; path = Calcurator.m; sourceTree = "<group>"; };
		EB678B3912E85A2F00B50CDB /* LogicTests.octest */ = {isa = PBXFileReference; explicitFileType = wrapper.cfbundle; includeInIndex = 0; path = LogicTests.octest; sourceTree = BUILT_PRODUCTS_DIR; };
		EB678B3A12E85A2F00B50CDB /* LogicTests-Info.plist */ = {isa = PBXFileReference; lastKnownFileType = text.plist.xml; path = "LogicTests-Info.plist"; sourceTree = "<group>"; };
		EB678B4112E85AA900B50CDB /* CalcuratorTest.h */ = {isa = PBXFileReference; fileEncoding = 4; lastKnownFileType = sourcecode.c.h; path = CalcuratorTest.h; sourceTree = "<group>"; };
		EB678B4212E85AA900B50CDB /* CalcuratorTest.m */ = {isa = PBXFileReference; fileEncoding = 4; lastKnownFileType = sourcecode.c.objc; path = CalcuratorTest.m; sourceTree = "<group>"; };
		EBFF926312E94EFC000FDEF8 /* CalcEngine.h */ = {isa = PBXFileReference; fileEncoding = 4; lastKnownFileType = sourcecode.c.h; path = CalcEngine.h; sourceTree = "<group>"; };
		EBFF926412E94EFC000FDEF8 /* CalcEngine.m */ = {isa = PBXFileReference; fileEncoding = 4; lastKnownFileType = sourcecode.c.objc; path = CalcEngine.m; sourceTree = "<group>"; };
		EBFF92F212E9AEE5000FDEF8 /* CalcTyper.h */ = {isa = PBXFileReference; fileEncoding = 4; lastKnownFileType = sourcecode.c.h; path = CalcTyper.h; sourceTree = "<group>"; };
		EBFF92F312E9AEE5000FDEF8 /* CalcTyper.m */ = {isa = PBXFileReference; fileEncoding = 4; lastKnownFileType = sourcecode.c.objc; path = CalcTyper.m; sourceTree = "<group>"; };
		EBFF92F712E9AF2D000FDEF8 /* CalcTyperTest.h */ = {isa = PBXFileReference; fileEncoding = 4; lastKnownFileType = sourcecode.c.h; path = CalcTyperTest.h; sourceTree = "<group>"; };
		EBFF92F812E9AF2D000FDEF8 /* CalcTyperTest.m */ = {isa = PBXFileReference; fileEncoding = 4; lastKnownFileType = sourcecode.c.objc; path = CalcTyperTest.m; sourceTree = "<group>"; };
		EBFF934A12EBB71A000FDEF8 /* MockCalculator.h */ = {isa = PBXFileReference; fileEncoding = 4; lastKnownFileType = sourcecode.c.h; path = MockCalculator.h; sourceTree = "<group>"; };
		EBFF934B12EBB71A000FDEF8 /* MockCalculator.m */ = {isa = PBXFileReference; fileEncoding = 4; lastKnownFileType = sourcecode.c.objc; path = MockCalculator.m; sourceTree = "<group>"; };
/* End PBXFileReference section */

/* Begin PBXFrameworksBuildPhase section */
		1D60588F0D05DD3D006BFB54 /* Frameworks */ = {
			isa = PBXFrameworksBuildPhase;
			buildActionMask = 2147483647;
			files = (
				1D60589F0D05DD5A006BFB54 /* Foundation.framework in Frameworks */,
				1DF5F4E00D08C38300B7A737 /* UIKit.framework in Frameworks */,
				288765590DF743DE002DB57D /* CoreGraphics.framework in Frameworks */,
			);
			runOnlyForDeploymentPostprocessing = 0;
		};
		EB678B3612E85A2F00B50CDB /* Frameworks */ = {
			isa = PBXFrameworksBuildPhase;
			buildActionMask = 2147483647;
			files = (
			);
			runOnlyForDeploymentPostprocessing = 0;
		};
/* End PBXFrameworksBuildPhase section */

/* Begin PBXGroup section */
		080E96DDFE201D6D7F000001 /* Application Delegate */ = {
			isa = PBXGroup;
			children = (
				1D3623240D0F684500981E51 /* Jagtaku_iPhoneAppAppDelegate.h */,
				1D3623250D0F684500981E51 /* Jagtaku_iPhoneAppAppDelegate.m */,
			);
			name = "Application Delegate";
			path = Classes;
			sourceTree = "<group>";
		};
		19C28FACFE9D520D11CA2CBB /* Products */ = {
			isa = PBXGroup;
			children = (
				1D6058910D05DD3D006BFB54 /* Jagtaku-iPhoneApp.app */,
				EB678B3912E85A2F00B50CDB /* LogicTests.octest */,
			);
			name = Products;
			sourceTree = "<group>";
		};
		281C6CD70DB2D82200F60ACC /* Flipside View */ = {
			isa = PBXGroup;
			children = (
				289233AC0DB2D0DB0083E9F9 /* FlipsideViewController.h */,
				289233AD0DB2D0DB0083E9F9 /* FlipsideViewController.m */,
				280E754A0DD40C5E005A515E /* FlipsideView.xib */,
			);
			name = "Flipside View";
			sourceTree = "<group>";
		};
		289233A00DB2D0730083E9F9 /* Main View */ = {
			isa = PBXGroup;
			children = (
				289233A80DB2D0DB0083E9F9 /* MainViewController.h */,
				289233A90DB2D0DB0083E9F9 /* MainViewController.m */,
				280E754B0DD40C5E005A515E /* MainView.xib */,
			);
			name = "Main View";
			sourceTree = "<group>";
		};
		29B97314FDCFA39411CA2CEA /* CustomTemplate */ = {
			isa = PBXGroup;
			children = (
				EB678B4012E85A4E00B50CDB /* Tests */,
				EB678B0412E808E900B50CDB /* Models */,
				289233A00DB2D0730083E9F9 /* Main View */,
				281C6CD70DB2D82200F60ACC /* Flipside View */,
				080E96DDFE201D6D7F000001 /* Application Delegate */,
				29B97315FDCFA39411CA2CEA /* Other Sources */,
				29B97317FDCFA39411CA2CEA /* Resources */,
				29B97323FDCFA39411CA2CEA /* Frameworks */,
				19C28FACFE9D520D11CA2CBB /* Products */,
				EB678B3A12E85A2F00B50CDB /* LogicTests-Info.plist */,
			);
			name = CustomTemplate;
			sourceTree = "<group>";
		};
		29B97315FDCFA39411CA2CEA /* Other Sources */ = {
			isa = PBXGroup;
			children = (
				32CA4F630368D1EE00C91783 /* Jagtaku_iPhoneApp_Prefix.pch */,
				29B97316FDCFA39411CA2CEA /* main.m */,
			);
			name = "Other Sources";
			sourceTree = "<group>";
		};
		29B97317FDCFA39411CA2CEA /* Resources */ = {
			isa = PBXGroup;
			children = (
				280E754C0DD40C5E005A515E /* MainWindow.xib */,
				8D1107310486CEB800E47090 /* Jagtaku_iPhoneApp-Info.plist */,
			);
			name = Resources;
			sourceTree = "<group>";
		};
		29B97323FDCFA39411CA2CEA /* Frameworks */ = {
			isa = PBXGroup;
			children = (
				1DF5F4DF0D08C38300B7A737 /* UIKit.framework */,
				1D30AB110D05D00D00671497 /* Foundation.framework */,
				288765580DF743DE002DB57D /* CoreGraphics.framework */,
			);
			name = Frameworks;
			sourceTree = "<group>";
		};
		EB678B0412E808E900B50CDB /* Models */ = {
			isa = PBXGroup;
			children = (
				EB678B0512E8090800B50CDB /* Calcurator.h */,
				EB678B0612E8090800B50CDB /* Calcurator.m */,
				EBFF926312E94EFC000FDEF8 /* CalcEngine.h */,
				EBFF926412E94EFC000FDEF8 /* CalcEngine.m */,
				EB57C78412EDC270007BFEF6 /* EnteringValue.h */,
				EB57C78512EDC270007BFEF6 /* EnteringValue.m */,
				EBFF92F212E9AEE5000FDEF8 /* CalcTyper.h */,
				EBFF92F312E9AEE5000FDEF8 /* CalcTyper.m */,
			);
			name = Models;
			path = Classes;
			sourceTree = "<group>";
		};
		EB678B4012E85A4E00B50CDB /* Tests */ = {
			isa = PBXGroup;
			children = (
				EB678B4112E85AA900B50CDB /* CalcuratorTest.h */,
				EB678B4212E85AA900B50CDB /* CalcuratorTest.m */,
				EBFF92F712E9AF2D000FDEF8 /* CalcTyperTest.h */,
				EBFF92F812E9AF2D000FDEF8 /* CalcTyperTest.m */,
				EBFF935D12EBB97B000FDEF8 /* Mocks */,
			);
			path = Tests;
			sourceTree = "<group>";
		};
		EBFF935D12EBB97B000FDEF8 /* Mocks */ = {
			isa = PBXGroup;
			children = (
				EBFF934A12EBB71A000FDEF8 /* MockCalculator.h */,
				EBFF934B12EBB71A000FDEF8 /* MockCalculator.m */,
			);
			name = Mocks;
			sourceTree = "<group>";
		};
/* End PBXGroup section */

/* Begin PBXNativeTarget section */
		1D6058900D05DD3D006BFB54 /* Jagtaku-iPhoneApp */ = {
			isa = PBXNativeTarget;
			buildConfigurationList = 1D6058960D05DD3E006BFB54 /* Build configuration list for PBXNativeTarget "Jagtaku-iPhoneApp" */;
			buildPhases = (
				1D60588D0D05DD3D006BFB54 /* Resources */,
				1D60588E0D05DD3D006BFB54 /* Sources */,
				1D60588F0D05DD3D006BFB54 /* Frameworks */,
			);
			buildRules = (
			);
			dependencies = (
				EB678B4D12E85BA100B50CDB /* PBXTargetDependency */,
			);
			name = "Jagtaku-iPhoneApp";
			productName = "Jagtaku-iPhoneApp";
			productReference = 1D6058910D05DD3D006BFB54 /* Jagtaku-iPhoneApp.app */;
			productType = "com.apple.product-type.application";
		};
		EB678B3812E85A2F00B50CDB /* LogicTests */ = {
			isa = PBXNativeTarget;
			buildConfigurationList = EB678B3E12E85A3000B50CDB /* Build configuration list for PBXNativeTarget "LogicTests" */;
			buildPhases = (
				EB678B3412E85A2F00B50CDB /* Resources */,
				EB678B3512E85A2F00B50CDB /* Sources */,
				EB678B3612E85A2F00B50CDB /* Frameworks */,
				EB678B3712E85A2F00B50CDB /* ShellScript */,
			);
			buildRules = (
			);
			dependencies = (
			);
			name = LogicTests;
			productName = LogicTests;
			productReference = EB678B3912E85A2F00B50CDB /* LogicTests.octest */;
			productType = "com.apple.product-type.bundle";
		};
/* End PBXNativeTarget section */

/* Begin PBXProject section */
		29B97313FDCFA39411CA2CEA /* Project object */ = {
			isa = PBXProject;
			buildConfigurationList = C01FCF4E08A954540054247B /* Build configuration list for PBXProject "Jagtaku-iPhoneApp" */;
			compatibilityVersion = "Xcode 3.2";
			developmentRegion = English;
			hasScannedForEncodings = 1;
			knownRegions = (
				English,
				Japanese,
				French,
				German,
				en,
			);
			mainGroup = 29B97314FDCFA39411CA2CEA /* CustomTemplate */;
			projectDirPath = "";
			projectRoot = "";
			targets = (
				1D6058900D05DD3D006BFB54 /* Jagtaku-iPhoneApp */,
				EB678B3812E85A2F00B50CDB /* LogicTests */,
			);
		};
/* End PBXProject section */

/* Begin PBXResourcesBuildPhase section */
		1D60588D0D05DD3D006BFB54 /* Resources */ = {
			isa = PBXResourcesBuildPhase;
			buildActionMask = 2147483647;
			files = (
				280E754D0DD40C5E005A515E /* FlipsideView.xib in Resources */,
				280E754E0DD40C5E005A515E /* MainView.xib in Resources */,
				280E754F0DD40C5E005A515E /* MainWindow.xib in Resources */,
			);
			runOnlyForDeploymentPostprocessing = 0;
		};
		EB678B3412E85A2F00B50CDB /* Resources */ = {
			isa = PBXResourcesBuildPhase;
			buildActionMask = 2147483647;
			files = (
			);
			runOnlyForDeploymentPostprocessing = 0;
		};
/* End PBXResourcesBuildPhase section */

/* Begin PBXShellScriptBuildPhase section */
		EB678B3712E85A2F00B50CDB /* ShellScript */ = {
			isa = PBXShellScriptBuildPhase;
			buildActionMask = 2147483647;
			files = (
			);
			inputPaths = (
			);
			outputPaths = (
			);
			runOnlyForDeploymentPostprocessing = 0;
			shellPath = /bin/sh;
			shellScript = "# Run the unit tests in this test bundle.\n\"${SYSTEM_DEVELOPER_DIR}/Tools/RunUnitTests\"\n";
		};
/* End PBXShellScriptBuildPhase section */

/* Begin PBXSourcesBuildPhase section */
		1D60588E0D05DD3D006BFB54 /* Sources */ = {
			isa = PBXSourcesBuildPhase;
			buildActionMask = 2147483647;
			files = (
				1D60589B0D05DD56006BFB54 /* main.m in Sources */,
				1D3623260D0F684500981E51 /* Jagtaku_iPhoneAppAppDelegate.m in Sources */,
				289233AE0DB2D0DB0083E9F9 /* MainViewController.m in Sources */,
				289233B00DB2D0DB0083E9F9 /* FlipsideViewController.m in Sources */,
				EB678B0712E8090800B50CDB /* Calcurator.m in Sources */,
				EBFF926512E94EFC000FDEF8 /* CalcEngine.m in Sources */,
				EB57C79112EDC5C6007BFEF6 /* EnteringValue.m in Sources */,
			);
			runOnlyForDeploymentPostprocessing = 0;
		};
		EB678B3512E85A2F00B50CDB /* Sources */ = {
			isa = PBXSourcesBuildPhase;
			buildActionMask = 2147483647;
			files = (
				EB678B4412E85ABD00B50CDB /* CalcuratorTest.m in Sources */,
				EB678B4512E85AC200B50CDB /* Calcurator.m in Sources */,
				EBFF926812E94F8C000FDEF8 /* CalcEngine.m in Sources */,
				EBFF92F412E9AEE5000FDEF8 /* CalcTyper.m in Sources */,
				EBFF92F912E9AF2D000FDEF8 /* CalcTyperTest.m in Sources */,
				EBFF934C12EBB71A000FDEF8 /* MockCalculator.m in Sources */,
				EB57C78612EDC270007BFEF6 /* EnteringValue.m in Sources */,
			);
			runOnlyForDeploymentPostprocessing = 0;
		};
/* End PBXSourcesBuildPhase section */

/* Begin PBXTargetDependency section */
		EB678B4D12E85BA100B50CDB /* PBXTargetDependency */ = {
			isa = PBXTargetDependency;
			target = EB678B3812E85A2F00B50CDB /* LogicTests */;
			targetProxy = EB678B4C12E85BA100B50CDB /* PBXContainerItemProxy */;
		};
/* End PBXTargetDependency section */

/* Begin XCBuildConfiguration section */
		1D6058940D05DD3E006BFB54 /* Debug */ = {
			isa = XCBuildConfiguration;
			buildSettings = {
				ALWAYS_SEARCH_USER_PATHS = NO;
				COPY_PHASE_STRIP = NO;
				GCC_DYNAMIC_NO_PIC = NO;
				GCC_OPTIMIZATION_LEVEL = 0;
				GCC_PRECOMPILE_PREFIX_HEADER = YES;
				GCC_PREFIX_HEADER = Jagtaku_iPhoneApp_Prefix.pch;
				INFOPLIST_FILE = "Jagtaku_iPhoneApp-Info.plist";
				PRODUCT_NAME = "Jagtaku-iPhoneApp";
			};
			name = Debug;
		};
		1D6058950D05DD3E006BFB54 /* Release */ = {
			isa = XCBuildConfiguration;
			buildSettings = {
				ALWAYS_SEARCH_USER_PATHS = NO;
				COPY_PHASE_STRIP = YES;
				GCC_PRECOMPILE_PREFIX_HEADER = YES;
				GCC_PREFIX_HEADER = Jagtaku_iPhoneApp_Prefix.pch;
				INFOPLIST_FILE = "Jagtaku_iPhoneApp-Info.plist";
				PRODUCT_NAME = "Jagtaku-iPhoneApp";
				VALIDATE_PRODUCT = YES;
			};
			name = Release;
		};
		C01FCF4F08A954540054247B /* Debug */ = {
			isa = XCBuildConfiguration;
			buildSettings = {
				ARCHS = "$(ARCHS_STANDARD_32_BIT)";
				"CODE_SIGN_IDENTITY[sdk=iphoneos*]" = "iPhone Developer";
				GCC_C_LANGUAGE_STANDARD = c99;
				GCC_WARN_ABOUT_RETURN_TYPE = YES;
				GCC_WARN_UNUSED_VARIABLE = YES;
				PREBINDING = NO;
				SDKROOT = iphoneos;
			};
			name = Debug;
		};
		C01FCF5008A954540054247B /* Release */ = {
			isa = XCBuildConfiguration;
			buildSettings = {
				ARCHS = "$(ARCHS_STANDARD_32_BIT)";
				"CODE_SIGN_IDENTITY[sdk=iphoneos*]" = "iPhone Developer";
				GCC_C_LANGUAGE_STANDARD = c99;
				GCC_WARN_ABOUT_RETURN_TYPE = YES;
				GCC_WARN_UNUSED_VARIABLE = YES;
				OTHER_CFLAGS = "-DNS_BLOCK_ASSERTIONS=1";
				PREBINDING = NO;
				SDKROOT = iphoneos;
			};
			name = Release;
		};
		EB678B3C12E85A3000B50CDB /* Debug */ = {
			isa = XCBuildConfiguration;
			buildSettings = {
				ALWAYS_SEARCH_USER_PATHS = NO;
				"CODE_SIGN_IDENTITY[sdk=iphoneos*]" = "";
				COPY_PHASE_STRIP = NO;
				FRAMEWORK_SEARCH_PATHS = (
					"\"$(SDKROOT)/Developer/Library/Frameworks\"",
					"\"$(DEVELOPER_LIBRARY_DIR)/Frameworks\"",
				);
				GCC_DYNAMIC_NO_PIC = NO;
				GCC_ENABLE_FIX_AND_CONTINUE = NO;
				GCC_ENABLE_OBJC_EXCEPTIONS = YES;
				GCC_OPTIMIZATION_LEVEL = 0;
				INFOPLIST_FILE = "LogicTests-Info.plist";
				OTHER_LDFLAGS = (
					"-framework",
					Foundation,
					"-framework",
					SenTestingKit,
					"-framework",
					UIKit,
				);
				PREBINDING = NO;
				PRODUCT_NAME = LogicTests;
				SDKROOT = iphoneos;
				WRAPPER_EXTENSION = octest;
			};
			name = Debug;
		};
		EB678B3D12E85A3000B50CDB /* Release */ = {
			isa = XCBuildConfiguration;
			buildSettings = {
				ALWAYS_SEARCH_USER_PATHS = NO;
				"CODE_SIGN_IDENTITY[sdk=iphoneos*]" = "";
				COPY_PHASE_STRIP = YES;
				DEBUG_INFORMATION_FORMAT = "dwarf-with-dsym";
				FRAMEWORK_SEARCH_PATHS = (
					"\"$(SDKROOT)/Developer/Library/Frameworks\"",
					"\"$(DEVELOPER_LIBRARY_DIR)/Frameworks\"",
				);
				GCC_ENABLE_FIX_AND_CONTINUE = NO;
				GCC_ENABLE_OBJC_EXCEPTIONS = YES;
				INFOPLIST_FILE = "LogicTests-Info.plist";
				OTHER_LDFLAGS = (
					"-framework",
					Foundation,
					"-framework",
					SenTestingKit,
					"-framework",
					UIKit,
				);
				PREBINDING = NO;
				PRODUCT_NAME = LogicTests;
				SDKROOT = iphoneos;
				WRAPPER_EXTENSION = octest;
				ZERO_LINK = NO;
			};
			name = Release;
		};
/* End XCBuildConfiguration section */

/* Begin XCConfigurationList section */
		1D6058960D05DD3E006BFB54 /* Build configuration list for PBXNativeTarget "Jagtaku-iPhoneApp" */ = {
			isa = XCConfigurationList;
			buildConfigurations = (
				1D6058940D05DD3E006BFB54 /* Debug */,
				1D6058950D05DD3E006BFB54 /* Release */,
			);
			defaultConfigurationIsVisible = 0;
			defaultConfigurationName = Release;
		};
		C01FCF4E08A954540054247B /* Build configuration list for PBXProject "Jagtaku-iPhoneApp" */ = {
			isa = XCConfigurationList;
			buildConfigurations = (
				C01FCF4F08A954540054247B /* Debug */,
				C01FCF5008A954540054247B /* Release */,
			);
			defaultConfigurationIsVisible = 0;
			defaultConfigurationName = Release;
		};
		EB678B3E12E85A3000B50CDB /* Build configuration list for PBXNativeTarget "LogicTests" */ = {
			isa = XCConfigurationList;
			buildConfigurations = (
				EB678B3C12E85A3000B50CDB /* Debug */,
				EB678B3D12E85A3000B50CDB /* Release */,
			);
			defaultConfigurationIsVisible = 0;
			defaultConfigurationName = Release;
		};
/* End XCConfigurationList section */
	};
	rootObject = 29B97313FDCFA39411CA2CEA /* Project object */;
}
